
Microsoft Visual Studio Solution File, Format Version 12.00
# Visual Studio 15
VisualStudioVersion = 15.0.28307.329
MinimumVisualStudioVersion = 10.0.40219.1
Project("{803FD0C6-D64E-4E16-9DC3-1DAEC859A3D2}") = "ArduinoZeroDebugging", "ArduinoZeroDebugging.vgdbproj", "{7133CB92-4372-4A5A-96EB-E917525339AA}"
EndProject
Global
	GlobalSection(SolutionConfigurationPlatforms) = preSolution
		Debug|Arduino_Genuino_Zero_(Programming_Port) = Debug|Arduino_Genuino_Zero_(Programming_Port)
		Release|Arduino_Genuino_Zero_(Programming_Port) = Release|Arduino_Genuino_Zero_(Programming_Port)
	EndGlobalSection
	GlobalSection(ProjectConfigurationPlatforms) = postSolution
		{7133CB92-4372-4A5A-96EB-E917525339AA}.Debug|Arduino_Genuino_Zero_(Programming_Port).ActiveCfg = Debug|Arduino_Genuino_Zero_(Programming_Port)
		{7133CB92-4372-4A5A-96EB-E917525339AA}.Debug|Arduino_Genuino_Zero_(Programming_Port).Build.0 = Debug|Arduino_Genuino_Zero_(Programming_Port)
		{7133CB92-4372-4A5A-96EB-E917525339AA}.Release|Arduino_Genuino_Zero_(Programming_Port).ActiveCfg = Release|Arduino_Genuino_Zero_(Programming_Port)
		{7133CB92-4372-4A5A-96EB-E917525339AA}.Release|Arduino_Genuino_Zero_(Programming_Port).Build.0 = Release|Arduino_Genuino_Zero_(Programming_Port)
	EndGlobalSection
	GlobalSection(SolutionProperties) = preSolution
		HideSolutionNode = FALSE
	EndGlobalSection
	GlobalSection(ExtensibilityGlobals) = postSolution
		SolutionGuid = {A94F988D-319F-4537-B9C5-51C7897AA5EC}
	EndGlobalSection
EndGlobal
